
Microsoft Visual Studio Solution File, Format Version 12.00
# Visual Studio Version 17
VisualStudioVersion = 17.8.34511.84
MinimumVisualStudioVersion = 10.0.40219.1
Project("{FAE04EC0-301F-11D3-BF4B-00C04F79EFBC}") = "FruitSellingWebsite", "FruitSellingWebsite.csproj", "{73801557-C6EE-4DA5-A974-7D0863F93037}"
EndProject
Global
	GlobalSection(SolutionConfigurationPlatforms) = preSolution
		Debug|Any CPU = Debug|Any CPU
		Release|Any CPU = Release|Any CPU
	EndGlobalSection
	GlobalSection(ProjectConfigurationPlatforms) = postSolution
		{73801557-C6EE-4DA5-A974-7D0863F93037}.Debug|Any CPU.ActiveCfg = Debug|Any CPU
		{73801557-C6EE-4DA5-A974-7D0863F93037}.Debug|Any CPU.Build.0 = Debug|Any CPU
		{73801557-C6EE-4DA5-A974-7D0863F93037}.Release|Any CPU.ActiveCfg = Release|Any CPU
		{73801557-C6EE-4DA5-A974-7D0863F93037}.Release|Any CPU.Build.0 = Release|Any CPU
	EndGlobalSection
	GlobalSection(SolutionProperties) = preSolution
		HideSolutionNode = FALSE
	EndGlobalSection
	GlobalSection(ExtensibilityGlobals) = postSolution
		SolutionGuid = {5B324E90-B297-4440-8549-8B3386529D91}
	EndGlobalSection
EndGlobal
